
Microsoft Visual Studio Solution File, Format Version 12.00
# Visual Studio Version 17
VisualStudioVersion = 17.14.36616.10 d17.14
MinimumVisualStudioVersion = 10.0.40219.1
Project("{FAE04EC0-301F-11D3-BF4B-00C04F79EFBC}") = "ZentropaGraphs", "ZentropaGraphs\ZentropaGraphs.csproj", "{F6387C00-9A89-4C31-9398-D263C0777DDB}"
EndProject
Project("{FAE04EC0-301F-11D3-BF4B-00C04F79EFBC}") = "ZentropaGraphs.Client", "ZentropaGraphs.Client\ZentropaGraphs.Client.csproj", "{8450FB60-D934-4A6B-8E98-4653F3A77A44}"
EndProject
Global
	GlobalSection(SolutionConfigurationPlatforms) = preSolution
		Debug|Any CPU = Debug|Any CPU
		Release|Any CPU = Release|Any CPU
	EndGlobalSection
	GlobalSection(ProjectConfigurationPlatforms) = postSolution
		{F6387C00-9A89-4C31-9398-D263C0777DDB}.Debug|Any CPU.ActiveCfg = Debug|Any CPU
		{F6387C00-9A89-4C31-9398-D263C0777DDB}.Debug|Any CPU.Build.0 = Debug|Any CPU
		{F6387C00-9A89-4C31-9398-D263C0777DDB}.Release|Any CPU.ActiveCfg = Release|Any CPU
		{F6387C00-9A89-4C31-9398-D263C0777DDB}.Release|Any CPU.Build.0 = Release|Any CPU
		{8450FB60-D934-4A6B-8E98-4653F3A77A44}.Debug|Any CPU.ActiveCfg = Debug|Any CPU
		{8450FB60-D934-4A6B-8E98-4653F3A77A44}.Debug|Any CPU.Build.0 = Debug|Any CPU
		{8450FB60-D934-4A6B-8E98-4653F3A77A44}.Release|Any CPU.ActiveCfg = Release|Any CPU
		{8450FB60-D934-4A6B-8E98-4653F3A77A44}.Release|Any CPU.Build.0 = Release|Any CPU
	EndGlobalSection
	GlobalSection(SolutionProperties) = preSolution
		HideSolutionNode = FALSE
	EndGlobalSection
	GlobalSection(ExtensibilityGlobals) = postSolution
		SolutionGuid = {6C90F4C0-0F27-46EF-954A-46250B42D968}
	EndGlobalSection
EndGlobal
